
Microsoft Visual Studio Solution File, Format Version 12.00
# Visual Studio 15
Project("{FAE04EC0-301F-11D3-BF4B-00C04F79EFBC}") = "Assembly-CSharp", "Assembly-CSharp.csproj", "{A23CDCD8-F27E-38B2-C09F-400A31754F8F}"
EndProject
Project("{FAE04EC0-301F-11D3-BF4B-00C04F79EFBC}") = "Assembly-CSharp-Editor", "Assembly-CSharp-Editor.csproj", "{B3DDE7F6-749D-26B0-2BE3-5A017BA0BC72}"
EndProject
Global
	GlobalSection(SolutionConfigurationPlatforms) = preSolution
		Debug|Any CPU = Debug|Any CPU
		Release|Any CPU = Release|Any CPU
	EndGlobalSection
	GlobalSection(ProjectConfigurationPlatforms) = postSolution
		{A23CDCD8-F27E-38B2-C09F-400A31754F8F}.Debug|Any CPU.ActiveCfg = Debug|Any CPU
		{A23CDCD8-F27E-38B2-C09F-400A31754F8F}.Debug|Any CPU.Build.0 = Debug|Any CPU
		{A23CDCD8-F27E-38B2-C09F-400A31754F8F}.Release|Any CPU.ActiveCfg = Release|Any CPU
		{A23CDCD8-F27E-38B2-C09F-400A31754F8F}.Release|Any CPU.Build.0 = Release|Any CPU
		{B3DDE7F6-749D-26B0-2BE3-5A017BA0BC72}.Debug|Any CPU.ActiveCfg = Debug|Any CPU
		{B3DDE7F6-749D-26B0-2BE3-5A017BA0BC72}.Debug|Any CPU.Build.0 = Debug|Any CPU
		{B3DDE7F6-749D-26B0-2BE3-5A017BA0BC72}.Release|Any CPU.ActiveCfg = Release|Any CPU
		{B3DDE7F6-749D-26B0-2BE3-5A017BA0BC72}.Release|Any CPU.Build.0 = Release|Any CPU
	EndGlobalSection
	GlobalSection(SolutionProperties) = preSolution
		HideSolutionNode = FALSE
	EndGlobalSection
EndGlobal
